
Microsoft Visual Studio Solution File, Format Version 12.00
# Visual Studio 2013
VisualStudioVersion = 12.0.31101.0
MinimumVisualStudioVersion = 10.0.40219.1
Project("{FAE04EC0-301F-11D3-BF4B-00C04F79EFBC}") = "MultiEndpointHost", "MultiEndpointHost\MultiEndpointHost.csproj", "{E19E3AA8-B093-43F7-AD93-0EFCEC1552E2}"
EndProject
Project("{FAE04EC0-301F-11D3-BF4B-00C04F79EFBC}") = "AssemblyWithMultipleEndpoints", "AssemblyWithMultipleEndpoints\AssemblyWithMultipleEndpoints.csproj", "{3E478D63-5116-4FBE-8A9C-C3DAB8B02BDA}"
EndProject
Global
	GlobalSection(SolutionConfigurationPlatforms) = preSolution
		Debug|Any CPU = Debug|Any CPU
		Release|Any CPU = Release|Any CPU
	EndGlobalSection
	GlobalSection(ProjectConfigurationPlatforms) = postSolution
		{E19E3AA8-B093-43F7-AD93-0EFCEC1552E2}.Debug|Any CPU.ActiveCfg = Debug|Any CPU
		{E19E3AA8-B093-43F7-AD93-0EFCEC1552E2}.Debug|Any CPU.Build.0 = Debug|Any CPU
		{E19E3AA8-B093-43F7-AD93-0EFCEC1552E2}.Release|Any CPU.ActiveCfg = Release|Any CPU
		{E19E3AA8-B093-43F7-AD93-0EFCEC1552E2}.Release|Any CPU.Build.0 = Release|Any CPU
		{3E478D63-5116-4FBE-8A9C-C3DAB8B02BDA}.Debug|Any CPU.ActiveCfg = Debug|Any CPU
		{3E478D63-5116-4FBE-8A9C-C3DAB8B02BDA}.Debug|Any CPU.Build.0 = Debug|Any CPU
		{3E478D63-5116-4FBE-8A9C-C3DAB8B02BDA}.Release|Any CPU.ActiveCfg = Release|Any CPU
		{3E478D63-5116-4FBE-8A9C-C3DAB8B02BDA}.Release|Any CPU.Build.0 = Release|Any CPU
	EndGlobalSection
	GlobalSection(SolutionProperties) = preSolution
		HideSolutionNode = FALSE
	EndGlobalSection
EndGlobal
